PODS:
  - HGCircularSlider (2.1.0)

DEPENDENCIES:
  - HGCircularSlider

SPEC REPOS:
  https://github.com/cocoapods/specs.git:
    - HGCircularSlider

SPEC CHECKSUMS:
  HGCircularSlider: 5b39e1c6eaf39c9e14859e242060196468389f17

PODFILE CHECKSUM: bad60da07ea2a44417533d0c78b897bc4c8f1535

COCOAPODS: 1.6.0
